
Microsoft Visual Studio Solution File, Format Version 12.00
# Visual Studio 15
VisualStudioVersion = 15.0.28010.2048
MinimumVisualStudioVersion = 10.0.40219.1
Project("{9A19103F-16F7-4668-BE54-9A1E7A4F7556}") = "_ConsumerApp", "Consumer\_ConsumerApp.csproj", "{04FF8F8B-C8AB-49AF-903A-EA96D35F35A2}"
EndProject
Project("{9A19103F-16F7-4668-BE54-9A1E7A4F7556}") = "_PublisherApp", "Publisher\_PublisherApp.csproj", "{778016F5-C13E-46A0-94BB-B058A906FE40}"
EndProject
Project("{FAE04EC0-301F-11D3-BF4B-00C04F79EFBC}") = "RabbitMQService", "RabbitMQService\RabbitMQService.csproj", "{41E2F665-9367-4363-A812-3E3BFE509C73}"
EndProject
Project("{FAE04EC0-301F-11D3-BF4B-00C04F79EFBC}") = "Models", "Models\Models.csproj", "{52AD7377-C658-46BE-8BFC-8D9F44B185C5}"
EndProject
Global
	GlobalSection(SolutionConfigurationPlatforms) = preSolution
		Debug|Any CPU = Debug|Any CPU
		Release|Any CPU = Release|Any CPU
	EndGlobalSection
	GlobalSection(ProjectConfigurationPlatforms) = postSolution
		{04FF8F8B-C8AB-49AF-903A-EA96D35F35A2}.Debug|Any CPU.ActiveCfg = Debug|Any CPU
		{04FF8F8B-C8AB-49AF-903A-EA96D35F35A2}.Debug|Any CPU.Build.0 = Debug|Any CPU
		{04FF8F8B-C8AB-49AF-903A-EA96D35F35A2}.Release|Any CPU.ActiveCfg = Release|Any CPU
		{04FF8F8B-C8AB-49AF-903A-EA96D35F35A2}.Release|Any CPU.Build.0 = Release|Any CPU
		{778016F5-C13E-46A0-94BB-B058A906FE40}.Debug|Any CPU.ActiveCfg = Debug|Any CPU
		{778016F5-C13E-46A0-94BB-B058A906FE40}.Debug|Any CPU.Build.0 = Debug|Any CPU
		{778016F5-C13E-46A0-94BB-B058A906FE40}.Release|Any CPU.ActiveCfg = Release|Any CPU
		{778016F5-C13E-46A0-94BB-B058A906FE40}.Release|Any CPU.Build.0 = Release|Any CPU
		{41E2F665-9367-4363-A812-3E3BFE509C73}.Debug|Any CPU.ActiveCfg = Debug|Any CPU
		{41E2F665-9367-4363-A812-3E3BFE509C73}.Debug|Any CPU.Build.0 = Debug|Any CPU
		{41E2F665-9367-4363-A812-3E3BFE509C73}.Release|Any CPU.ActiveCfg = Release|Any CPU
		{41E2F665-9367-4363-A812-3E3BFE509C73}.Release|Any CPU.Build.0 = Release|Any CPU
		{52AD7377-C658-46BE-8BFC-8D9F44B185C5}.Debug|Any CPU.ActiveCfg = Debug|Any CPU
		{52AD7377-C658-46BE-8BFC-8D9F44B185C5}.Debug|Any CPU.Build.0 = Debug|Any CPU
		{52AD7377-C658-46BE-8BFC-8D9F44B185C5}.Release|Any CPU.ActiveCfg = Release|Any CPU
		{52AD7377-C658-46BE-8BFC-8D9F44B185C5}.Release|Any CPU.Build.0 = Release|Any CPU
	EndGlobalSection
	GlobalSection(SolutionProperties) = preSolution
		HideSolutionNode = FALSE
	EndGlobalSection
	GlobalSection(ExtensibilityGlobals) = postSolution
		SolutionGuid = {99C3B817-DF73-4B5F-B333-A406D531FF81}
	EndGlobalSection
EndGlobal
